// !$*UTF8*$!
{
	archiveVersion = 1;
	classes = {
	};
	objectVersion = 46;
	objects = {

/* Begin PBXBuildFile section */
		B3209C931F13E23B006DA8EA /* AppDelegate.swift in Sources */ = {isa = PBXBuildFile; fileRef = B3209C921F13E23B006DA8EA /* AppDelegate.swift */; };
		B3209C951F13E23B006DA8EA /* GameScene.sks in Resources */ = {isa = PBXBuildFile; fileRef = B3209C941F13E23B006DA8EA /* GameScene.sks */; };
		B3209C971F13E23B006DA8EA /* Actions.sks in Resources */ = {isa = PBXBuildFile; fileRef = B3209C961F13E23B006DA8EA /* Actions.sks */; };
		B3209C991F13E23B006DA8EA /* GameScene.swift in Sources */ = {isa = PBXBuildFile; fileRef = B3209C981F13E23B006DA8EA /* GameScene.swift */; };
		B3209C9B1F13E23B006DA8EA /* GameViewController.swift in Sources */ = {isa = PBXBuildFile; fileRef = B3209C9A1F13E23B006DA8EA /* GameViewController.swift */; };
		B3209C9E1F13E23B006DA8EA /* Main.storyboard in Resources */ = {isa = PBXBuildFile; fileRef = B3209C9C1F13E23B006DA8EA /* Main.storyboard */; };
		B3209CA01F13E23B006DA8EA /* Assets.xcassets in Resources */ = {isa = PBXBuildFile; fileRef = B3209C9F1F13E23B006DA8EA /* Assets.xcassets */; };
		B3209CA31F13E23B006DA8EA /* LaunchScreen.storyboard in Resources */ = {isa = PBXBuildFile; fileRef = B3209CA11F13E23B006DA8EA /* LaunchScreen.storyboard */; };
/* End PBXBuildFile section */

/* Begin PBXFileReference section */
		B3209C8F1F13E23B006DA8EA /* HungryBear.app */ = {isa = PBXFileReference; explicitFileType = wrapper.application; includeInIndex = 0; path = HungryBear.app; sourceTree = BUILT_PRODUCTS_DIR; };
		B3209C921F13E23B006DA8EA /* AppDelegate.swift */ = {isa = PBXFileReference; lastKnownFileType = sourcecode.swift; path = AppDelegate.swift; sourceTree = "<group>"; };
		B3209C941F13E23B006DA8EA /* GameScene.sks */ = {isa = PBXFileReference; lastKnownFileType = file.sks; path = GameScene.sks; sourceTree = "<group>"; };
		B3209C961F13E23B006DA8EA /* Actions.sks */ = {isa = PBXFileReference; lastKnownFileType = file.sks; path = Actions.sks; sourceTree = "<group>"; };
		B3209C981F13E23B006DA8EA /* GameScene.swift */ = {isa = PBXFileReference; lastKnownFileType = sourcecode.swift; path = GameScene.swift; sourceTree = "<group>"; };
		B3209C9A1F13E23B006DA8EA /* GameViewController.swift */ = {isa = PBXFileReference; lastKnownFileType = sourcecode.swift; path = GameViewController.swift; sourceTree = "<group>"; };
		B3209C9D1F13E23B006DA8EA /* Base */ = {isa = PBXFileReference; lastKnownFileType = file.storyboard; name = Base; path = Base.lproj/Main.storyboard; sourceTree = "<group>"; };
		B3209C9F1F13E23B006DA8EA /* Assets.xcassets */ = {isa = PBXFileReference; lastKnownFileType = folder.assetcatalog; path = Assets.xcassets; sourceTree = "<group>"; };
		B3209CA21F13E23B006DA8EA /* Base */ = {isa = PBXFileReference; lastKnownFileType = file.storyboard; name = Base; path = Base.lproj/LaunchScreen.storyboard; sourceTree = "<group>"; };
		B3209CA41F13E23B006DA8EA /* Info.plist */ = {isa = PBXFileReference; lastKnownFileType = text.plist.xml; path = Info.plist; sourceTree = "<group>"; };
/* End PBXFileReference section */

/* Begin PBXFrameworksBuildPhase section */
		B3209C8C1F13E23B006DA8EA /* Frameworks */ = {
			isa = PBXFrameworksBuildPhase;
			buildActionMask = 2147483647;
			files = (
			);
			runOnlyForDeploymentPostprocessing = 0;
		};
/* End PBXFrameworksBuildPhase section */

/* Begin PBXGroup section */
		B3209C861F13E23B006DA8EA = {
			isa = PBXGroup;
			children = (
				B3209C911F13E23B006DA8EA /* HungryBear */,
				B3209C901F13E23B006DA8EA /* Products */,
			);
			sourceTree = "<group>";
		};
		B3209C901F13E23B006DA8EA /* Products */ = {
			isa = PBXGroup;
			children = (
				B3209C8F1F13E23B006DA8EA /* HungryBear.app */,
			);
			name = Products;
			sourceTree = "<group>";
		};
		B3209C911F13E23B006DA8EA /* HungryBear */ = {
			isa = PBXGroup;
			children = (
				B3209C921F13E23B006DA8EA /* AppDelegate.swift */,
				B3209C941F13E23B006DA8EA /* GameScene.sks */,
				B3209C961F13E23B006DA8EA /* Actions.sks */,
				B3209C981F13E23B006DA8EA /* GameScene.swift */,
				B3209C9A1F13E23B006DA8EA /* GameViewController.swift */,
				B3209C9C1F13E23B006DA8EA /* Main.storyboard */,
				B3209C9F1F13E23B006DA8EA /* Assets.xcassets */,
				B3209CA11F13E23B006DA8EA /* LaunchScreen.storyboard */,
				B3209CA41F13E23B006DA8EA /* Info.plist */,
			);
			path = HungryBear;
			sourceTree = "<group>";
		};
/* End PBXGroup section */

/* Begin PBXNativeTarget section */
		B3209C8E1F13E23B006DA8EA /* HungryBear */ = {
			isa = PBXNativeTarget;
			buildConfigurationList = B3209CA71F13E23B006DA8EA /* Build configuration list for PBXNativeTarget "HungryBear" */;
			buildPhases = (
				B3209C8B1F13E23B006DA8EA /* Sources */,
				B3209C8C1F13E23B006DA8EA /* Frameworks */,
				B3209C8D1F13E23B006DA8EA /* Resources */,
			);
			buildRules = (
			);
			dependencies = (
			);
			name = HungryBear;
			productName = HungryBear;
			productReference = B3209C8F1F13E23B006DA8EA /* HungryBear.app */;
			productType = "com.apple.product-type.application";
		};
/* End PBXNativeTarget section */

/* Begin PBXProject section */
		B3209C871F13E23B006DA8EA /* Project object */ = {
			isa = PBXProject;
			attributes = {
				LastSwiftUpdateCheck = 0830;
				LastUpgradeCheck = 0830;
				ORGANIZATIONNAME = Cappillen;
				TargetAttributes = {
					B3209C8E1F13E23B006DA8EA = {
						CreatedOnToolsVersion = 8.3.3;
						DevelopmentTeam = 6E9XW5U7WR;
						ProvisioningStyle = Automatic;
					};
				};
			};
			buildConfigurationList = B3209C8A1F13E23B006DA8EA /* Build configuration list for PBXProject "HungryBear" */;
			compatibilityVersion = "Xcode 3.2";
			developmentRegion = English;
			hasScannedForEncodings = 0;
			knownRegions = (
				en,
				Base,
			);
			mainGroup = B3209C861F13E23B006DA8EA;
			productRefGroup = B3209C901F13E23B006DA8EA /* Products */;
			projectDirPath = "";
			projectRoot = "";
			targets = (
				B3209C8E1F13E23B006DA8EA /* HungryBear */,
			);
		};
/* End PBXProject section */

/* Begin PBXResourcesBuildPhase section */
		B3209C8D1F13E23B006DA8EA /* Resources */ = {
			isa = PBXResourcesBuildPhase;
			buildActionMask = 2147483647;
			files = (
				B3209C9E1F13E23B006DA8EA /* Main.storyboard in Resources */,
				B3209C951F13E23B006DA8EA /* GameScene.sks in Resources */,
				B3209CA01F13E23B006DA8EA /* Assets.xcassets in Resources */,
				B3209CA31F13E23B006DA8EA /* LaunchScreen.storyboard in Resources */,
				B3209C971F13E23B006DA8EA /* Actions.sks in Resources */,
			);
			runOnlyForDeploymentPostprocessing = 0;
		};
/* End PBXResourcesBuildPhase section */

/* Begin PBXSourcesBuildPhase section */
		B3209C8B1F13E23B006DA8EA /* Sources */ = {
			isa = PBXSourcesBuildPhase;
			buildActionMask = 2147483647;
			files = (
				B3209C991F13E23B006DA8EA /* GameScene.swift in Sources */,
				B3209C9B1F13E23B006DA8EA /* GameViewController.swift in Sources */,
				B3209C931F13E23B006DA8EA /* AppDelegate.swift in Sources */,
			);
			runOnlyForDeploymentPostprocessing = 0;
		};
/* End PBXSourcesBuildPhase section */

/* Begin PBXVariantGroup section */
		B3209C9C1F13E23B006DA8EA /* Main.storyboard */ = {
			isa = PBXVariantGroup;
			children = (
				B3209C9D1F13E23B006DA8EA /* Base */,
			);
			name = Main.storyboard;
			sourceTree = "<group>";
		};
		B3209CA11F13E23B006DA8EA /* LaunchScreen.storyboard */ = {
			isa = PBXVariantGroup;
			children = (
				B3209CA21F13E23B006DA8EA /* Base */,
			);
			name = LaunchScreen.storyboard;
			sourceTree = "<group>";
		};
/* End PBXVariantGroup section */

/* Begin XCBuildConfiguration section */
		B3209CA51F13E23B006DA8EA /* Debug */ = {
			isa = XCBuildConfiguration;
			buildSettings = {
				ALWAYS_SEARCH_USER_PATHS = NO;
				CLANG_ANALYZER_NONNULL = YES;
				CLANG_ANALYZER_NUMBER_OBJECT_CONVERSION = YES_AGGRESSIVE;
				CLANG_CXX_LANGUAGE_STANDARD = "gnu++0x";
				CLANG_CXX_LIBRARY = "libc++";
				CLANG_ENABLE_MODULES = YES;
				CLANG_ENABLE_OBJC_ARC = YES;
				CLANG_WARN_BOOL_CONVERSION = YES;
				CLANG_WARN_CONSTANT_CONVERSION = YES;
				CLANG_WARN_DIRECT_OBJC_ISA_USAGE = YES_ERROR;
				CLANG_WARN_DOCUMENTATION_COMMENTS = YES;
				CLANG_WARN_EMPTY_BODY = YES;
				CLANG_WARN_ENUM_CONVERSION = YES;
				CLANG_WARN_INFINITE_RECURSION = YES;
				CLANG_WARN_INT_CONVERSION = YES;
				CLANG_WARN_OBJC_ROOT_CLASS = YES_ERROR;
				CLANG_WARN_SUSPICIOUS_MOVE = YES;
				CLANG_WARN_UNREACHABLE_CODE = YES;
				CLANG_WARN__DUPLICATE_METHOD_MATCH = YES;
				"CODE_SIGN_IDENTITY[sdk=iphoneos*]" = "iPhone Developer";
				COPY_PHASE_STRIP = NO;
				DEBUG_INFORMATION_FORMAT = dwarf;
				ENABLE_STRICT_OBJC_MSGSEND = YES;
				ENABLE_TESTABILITY = YES;
				GCC_C_LANGUAGE_STANDARD = gnu99;
				GCC_DYNAMIC_NO_PIC = NO;
				GCC_NO_COMMON_BLOCKS = YES;
				GCC_OPTIMIZATION_LEVEL = 0;
				GCC_PREPROCESSOR_DEFINITIONS = (
					"DEBUG=1",
					"$(inherited)",
				);
				GCC_WARN_64_TO_32_BIT_CONVERSION = YES;
				GCC_WARN_ABOUT_RETURN_TYPE = YES_ERROR;
				GCC_WARN_UNDECLARED_SELECTOR = YES;
				GCC_WARN_UNINITIALIZED_AUTOS = YES_AGGRESSIVE;
				GCC_WARN_UNUSED_FUNCTION = YES;
				GCC_WARN_UNUSED_VARIABLE = YES;
				IPHONEOS_DEPLOYMENT_TARGET = 10.3;
				MTL_ENABLE_DEBUG_INFO = YES;
				ONLY_ACTIVE_ARCH = YES;
				SDKROOT = iphoneos;
				SWIFT_ACTIVE_COMPILATION_CONDITIONS = DEBUG;
				SWIFT_OPTIMIZATION_LEVEL = "-Onone";
				TARGETED_DEVICE_FAMILY = "1,2";
			};
			name = Debug;
		};
		B3209CA61F13E23B006DA8EA /* Release */ = {
			isa = XCBuildConfiguration;
			buildSettings = {
				ALWAYS_SEARCH_USER_PATHS = NO;
				CLANG_ANALYZER_NONNULL = YES;
				CLANG_ANALYZER_NUMBER_OBJECT_CONVERSION = YES_AGGRESSIVE;
				CLANG_CXX_LANGUAGE_STANDARD = "gnu++0x";
				CLANG_CXX_LIBRARY = "libc++";
				CLANG_ENABLE_MODULES = YES;
				CLANG_ENABLE_OBJC_ARC = YES;
				CLANG_WARN_BOOL_CONVERSION = YES;
				CLANG_WARN_CONSTANT_CONVERSION = YES;
				CLANG_WARN_DIRECT_OBJC_ISA_USAGE = YES_ERROR;
				CLANG_WARN_DOCUMENTATION_COMMENTS = YES;
				CLANG_WARN_EMPTY_BODY = YES;
				CLANG_WARN_ENUM_CONVERSION = YES;
				CLANG_WARN_INFINITE_RECURSION = YES;
				CLANG_WARN_INT_CONVERSION = YES;
				CLANG_WARN_OBJC_ROOT_CLASS = YES_ERROR;
				CLANG_WARN_SUSPICIOUS_MOVE = YES;
				CLANG_WARN_UNREACHABLE_CODE = YES;
				CLANG_WARN__DUPLICATE_METHOD_MATCH = YES;
				"CODE_SIGN_IDENTITY[sdk=iphoneos*]" = "iPhone Developer";
				COPY_PHASE_STRIP = NO;
				DEBUG_INFORMATION_FORMAT = "dwarf-with-dsym";
				ENABLE_NS_ASSERTIONS = NO;
				ENABLE_STRICT_OBJC_MSGSEND = YES;
				GCC_C_LANGUAGE_STANDARD = gnu99;
				GCC_NO_COMMON_BLOCKS = YES;
				GCC_WARN_64_TO_32_BIT_CONVERSION = YES;
				GCC_WARN_ABOUT_RETURN_TYPE = YES_ERROR;
				GCC_WARN_UNDECLARED_SELECTOR = YES;
				GCC_WARN_UNINITIALIZED_AUTOS = YES_AGGRESSIVE;
				GCC_WARN_UNUSED_FUNCTION = YES;
				GCC_WARN_UNUSED_VARIABLE = YES;
				IPHONEOS_DEPLOYMENT_TARGET = 10.3;
				MTL_ENABLE_DEBUG_INFO = NO;
				SDKROOT = iphoneos;
				SWIFT_OPTIMIZATION_LEVEL = "-Owholemodule";
				TARGETED_DEVICE_FAMILY = "1,2";
				VALIDATE_PRODUCT = YES;
			};
			name = Release;
		};
		B3209CA81F13E23B006DA8EA /* Debug */ = {
			isa = XCBuildConfiguration;
			buildSettings = {
				ASSETCATALOG_COMPILER_APPICON_NAME = AppIcon;
				DEVELOPMENT_TEAM = 6E9XW5U7WR;
				INFOPLIST_FILE = HungryBear/Info.plist;
				LD_RUNPATH_SEARCH_PATHS = "$(inherited) @executable_path/Frameworks";
				PRODUCT_BUNDLE_IDENTIFIER = com.cap.HungryBear;
				PRODUCT_NAME = "$(TARGET_NAME)";
				SWIFT_VERSION = 3.0;
			};
			name = Debug;
		};
		B3209CA91F13E23B006DA8EA /* Release */ = {
			isa = XCBuildConfiguration;
			buildSettings = {
				ASSETCATALOG_COMPILER_APPICON_NAME = AppIcon;
				DEVELOPMENT_TEAM = 6E9XW5U7WR;
				INFOPLIST_FILE = HungryBear/Info.plist;
				LD_RUNPATH_SEARCH_PATHS = "$(inherited) @executable_path/Frameworks";
				PRODUCT_BUNDLE_IDENTIFIER = com.cap.HungryBear;
				PRODUCT_NAME = "$(TARGET_NAME)";
				SWIFT_VERSION = 3.0;
			};
			name = Release;
		};
/* End XCBuildConfiguration section */

/* Begin XCConfigurationList section */
		B3209C8A1F13E23B006DA8EA /* Build configuration list for PBXProject "HungryBear" */ = {
			isa = XCConfigurationList;
			buildConfigurations = (
				B3209CA51F13E23B006DA8EA /* Debug */,
				B3209CA61F13E23B006DA8EA /* Release */,
			);
			defaultConfigurationIsVisible = 0;
			defaultConfigurationName = Release;
		};
		B3209CA71F13E23B006DA8EA /* Build configuration list for PBXNativeTarget "HungryBear" */ = {
			isa = XCConfigurationList;
			buildConfigurations = (
				B3209CA81F13E23B006DA8EA /* Debug */,
				B3209CA91F13E23B006DA8EA /* Release */,
			);
			defaultConfigurationIsVisible = 0;
		};
/* End XCConfigurationList section */
	};
	rootObject = B3209C871F13E23B006DA8EA /* Project object */;
}
